
Microsoft Visual Studio Solution File, Format Version 12.00
# Visual Studio Version 17
VisualStudioVersion = 17.0.31903.59
MinimumVisualStudioVersion = 10.0.40219.1
Project("{2150E333-8FDC-42A3-9474-1A3956D46DE8}") = "src", "src", "{9F50D023-4CAE-4805-99A5-4315A4536DF3}"
EndProject
Project("{FAE04EC0-301F-11D3-BF4B-00C04F79EFBC}") = "ProductCRUD.API", "src\ProductCRUD.API\ProductCRUD.API.csproj", "{99E324C3-6735-481F-8EBC-A8C0D9248ECB}"
EndProject
Global
	GlobalSection(SolutionConfigurationPlatforms) = preSolution
		Debug|Any CPU = Debug|Any CPU
		Release|Any CPU = Release|Any CPU
	EndGlobalSection
	GlobalSection(SolutionProperties) = preSolution
		HideSolutionNode = FALSE
	EndGlobalSection
	GlobalSection(ProjectConfigurationPlatforms) = postSolution
		{99E324C3-6735-481F-8EBC-A8C0D9248ECB}.Debug|Any CPU.ActiveCfg = Debug|Any CPU
		{99E324C3-6735-481F-8EBC-A8C0D9248ECB}.Debug|Any CPU.Build.0 = Debug|Any CPU
		{99E324C3-6735-481F-8EBC-A8C0D9248ECB}.Release|Any CPU.ActiveCfg = Release|Any CPU
		{99E324C3-6735-481F-8EBC-A8C0D9248ECB}.Release|Any CPU.Build.0 = Release|Any CPU
	EndGlobalSection
	GlobalSection(NestedProjects) = preSolution
		{99E324C3-6735-481F-8EBC-A8C0D9248ECB} = {9F50D023-4CAE-4805-99A5-4315A4536DF3}
	EndGlobalSection
EndGlobal
